// !$*UTF8*$!
{
	archiveVersion = 1;
	classes = {
	};
	objectVersion = 77;
	objects = {

/* Begin PBXBuildFile section */
		24D2EBBC2EE304A9004257B4 /* Reductio in Frameworks */ = {isa = PBXBuildFile; productRef = 24D2EBBB2EE304A9004257B4 /* Reductio */; };
		UZBSJGPGAD2QMCH6W8GZQHE0 /* (null) in Frameworks */ = {isa = PBXBuildFile; settings = {ATTRIBUTES = (Weak, ); }; };
/* End PBXBuildFile section */

/* Begin PBXContainerItemProxy section */
		24FB38842EDF354C00BA1227 /* PBXContainerItemProxy */ = {
			isa = PBXContainerItemProxy;
			containerPortal = 24FB386A2EDF354B00BA1227 /* Project object */;
			proxyType = 1;
			remoteGlobalIDString = 24FB38712EDF354B00BA1227;
			remoteInfo = "Khandoba Secure Docs";
		};
		24FB388E2EDF354C00BA1227 /* PBXContainerItemProxy */ = {
			isa = PBXContainerItemProxy;
			containerPortal = 24FB386A2EDF354B00BA1227 /* Project object */;
			proxyType = 1;
			remoteGlobalIDString = 24FB38712EDF354B00BA1227;
			remoteInfo = "Khandoba Secure Docs";
		};
/* End PBXContainerItemProxy section */

/* Begin PBXFileReference section */
		24FB38722EDF354B00BA1227 /* Khandoba Secure Docs.app */ = {isa = PBXFileReference; explicitFileType = wrapper.application; includeInIndex = 0; path = "Khandoba Secure Docs.app"; sourceTree = BUILT_PRODUCTS_DIR; };
		24FB38832EDF354C00BA1227 /* Khandoba Secure DocsTests.xctest */ = {isa = PBXFileReference; explicitFileType = wrapper.cfbundle; includeInIndex = 0; path = "Khandoba Secure DocsTests.xctest"; sourceTree = BUILT_PRODUCTS_DIR; };
		24FB388D2EDF354C00BA1227 /* Khandoba Secure DocsUITests.xctest */ = {isa = PBXFileReference; explicitFileType = wrapper.cfbundle; includeInIndex = 0; path = "Khandoba Secure DocsUITests.xctest"; sourceTree = BUILT_PRODUCTS_DIR; };
/* End PBXFileReference section */

/* Begin PBXFileSystemSynchronizedRootGroup section */
		24FB38742EDF354B00BA1227 /* platforms/apple/Khandoba Secure Docs */ = {
			isa = PBXFileSystemSynchronizedRootGroup;
			path = "platforms/apple/Khandoba Secure Docs";
			sourceTree = "<group>";
		};
		B383DOAW04QI7C5DL0CCFHZW /* Khandoba Secure DocsUITests */ = {
			isa = PBXFileSystemSynchronizedRootGroup;
			path = "Khandoba Secure DocsUITests";
			sourceTree = "<group>";
		};
		YON8O0RLDSU0FBG80H1PIC68 /* Khandoba Secure DocsTests */ = {
			isa = PBXFileSystemSynchronizedRootGroup;
			path = "Khandoba Secure DocsTests";
			sourceTree = "<group>";
		};
/* End PBXFileSystemSynchronizedRootGroup section */

/* Begin PBXFrameworksBuildPhase section */
		24FB386F2EDF354B00BA1227 /* Frameworks */ = {
			isa = PBXFrameworksBuildPhase;
			buildActionMask = 2147483647;
			files = (
				24D2EBBC2EE304A9004257B4 /* Reductio in Frameworks */,
			);
			runOnlyForDeploymentPostprocessing = 0;
		};
		24FB38802EDF354C00BA1227 /* Frameworks */ = {
			isa = PBXFrameworksBuildPhase;
			buildActionMask = 2147483647;
			files = (
				UZBSJGPGAD2QMCH6W8GZQHE0 /* (null) in Frameworks */,
			);
			runOnlyForDeploymentPostprocessing = 0;
		};
		24FB388A2EDF354C00BA1227 /* Frameworks */ = {
			isa = PBXFrameworksBuildPhase;
			buildActionMask = 2147483647;
			files = (
			);
			runOnlyForDeploymentPostprocessing = 0;
		};
/* End PBXFrameworksBuildPhase section */

/* Begin PBXGroup section */
		24FB38692EDF354B00BA1227 = {
			isa = PBXGroup;
			children = (
				24FB38742EDF354B00BA1227 /* platforms/apple/Khandoba Secure Docs */,
				24FB38732EDF354B00BA1227 /* Products */,
				YON8O0RLDSU0FBG80H1PIC68 /* Khandoba Secure DocsTests */,
				B383DOAW04QI7C5DL0CCFHZW /* Khandoba Secure DocsUITests */,
			);
			sourceTree = "<group>";
		};
		24FB38732EDF354B00BA1227 /* Products */ = {
			isa = PBXGroup;
			children = (
				24FB38722EDF354B00BA1227 /* Khandoba Secure Docs.app */,
				24FB38832EDF354C00BA1227 /* Khandoba Secure DocsTests.xctest */,
				24FB388D2EDF354C00BA1227 /* Khandoba Secure DocsUITests.xctest */,
			);
			name = Products;
			sourceTree = "<group>";
		};
/* End PBXGroup section */

/* Begin PBXNativeTarget section */
		24FB38712EDF354B00BA1227 /* Khandoba Secure Docs */ = {
			isa = PBXNativeTarget;
			buildConfigurationList = 24FB38962EDF354C00BA1227 /* Build configuration list for PBXNativeTarget "Khandoba Secure Docs" */;
			buildPhases = (
				24FB386E2EDF354B00BA1227 /* Sources */,
				24FB386F2EDF354B00BA1227 /* Frameworks */,
				24FB38702EDF354B00BA1227 /* Resources */,
			);
			buildRules = (
			);
			dependencies = (
			);
			fileSystemSynchronizedGroups = (
				24FB38742EDF354B00BA1227 /* platforms/apple/Khandoba Secure Docs */,
			);
			name = "Khandoba Secure Docs";
			packageProductDependencies = (
				24D2EBBB2EE304A9004257B4 /* Reductio */,
			);
			productName = "Khandoba Secure Docs";
			productReference = 24FB38722EDF354B00BA1227 /* Khandoba Secure Docs.app */;
			productType = "com.apple.product-type.application";
		};
		24FB38822EDF354C00BA1227 /* Khandoba Secure DocsTests */ = {
			isa = PBXNativeTarget;
			buildConfigurationList = 24FB389B2EDF354C00BA1227 /* Build configuration list for PBXNativeTarget "Khandoba Secure DocsTests" */;
			buildPhases = (
				24FB387F2EDF354C00BA1227 /* Sources */,
				24FB38802EDF354C00BA1227 /* Frameworks */,
				24FB38812EDF354C00BA1227 /* Resources */,
			);
			buildRules = (
			);
			dependencies = (
				24FB38852EDF354C00BA1227 /* PBXTargetDependency */,
			);
			fileSystemSynchronizedGroups = (
				YON8O0RLDSU0FBG80H1PIC68 /* Khandoba Secure DocsTests */,
			);
			name = "Khandoba Secure DocsTests";
			packageProductDependencies = (
			);
			productName = "Khandoba Secure DocsTests";
			productReference = 24FB38832EDF354C00BA1227 /* Khandoba Secure DocsTests.xctest */;
			productType = "com.apple.product-type.bundle.unit-test";
		};
		24FB388C2EDF354C00BA1227 /* Khandoba Secure DocsUITests */ = {
			isa = PBXNativeTarget;
			buildConfigurationList = 24FB389E2EDF354C00BA1227 /* Build configuration list for PBXNativeTarget "Khandoba Secure DocsUITests" */;
			buildPhases = (
				24FB38892EDF354C00BA1227 /* Sources */,
				24FB388A2EDF354C00BA1227 /* Frameworks */,
				24FB388B2EDF354C00BA1227 /* Resources */,
			);
			buildRules = (
			);
			dependencies = (
				24FB388F2EDF354C00BA1227 /* PBXTargetDependency */,
			);
			fileSystemSynchronizedGroups = (
				B383DOAW04QI7C5DL0CCFHZW /* Khandoba Secure DocsUITests */,
			);
			name = "Khandoba Secure DocsUITests";
			packageProductDependencies = (
			);
			productName = "Khandoba Secure DocsUITests";
			productReference = 24FB388D2EDF354C00BA1227 /* Khandoba Secure DocsUITests.xctest */;
			productType = "com.apple.product-type.bundle.ui-testing";
		};
/* End PBXNativeTarget section */

/* Begin PBXProject section */
		24FB386A2EDF354B00BA1227 /* Project object */ = {
			isa = PBXProject;
			attributes = {
				BuildIndependentTargetsInParallel = 1;
				LastSwiftUpdateCheck = 2610;
				LastUpgradeCheck = 2610;
				TargetAttributes = {
					24FB38712EDF354B00BA1227 = {
						CreatedOnToolsVersion = 26.1.1;
					};
					24FB38822EDF354C00BA1227 = {
						CreatedOnToolsVersion = 26.1.1;
						TestTargetID = 24FB38712EDF354B00BA1227;
					};
					24FB388C2EDF354C00BA1227 = {
						CreatedOnToolsVersion = 26.1.1;
						TestTargetID = 24FB38712EDF354B00BA1227;
					};
				};
			};
			buildConfigurationList = 24FB386D2EDF354B00BA1227 /* Build configuration list for PBXProject "Khandoba Secure Docs" */;
			developmentRegion = en;
			hasScannedForEncodings = 0;
			knownRegions = (
				en,
				Base,
			);
			mainGroup = 24FB38692EDF354B00BA1227;
			minimizedProjectReferenceProxies = 1;
			packageReferences = (
				24D2EBBA2EE304A9004257B4 /* XCRemoteSwiftPackageReference "Reductio" */,
			);
			preferredProjectObjectVersion = 77;
			productRefGroup = 24FB38732EDF354B00BA1227 /* Products */;
			projectDirPath = "";
			projectRoot = "";
			targets = (
				24FB38712EDF354B00BA1227 /* Khandoba Secure Docs */,
				24FB38822EDF354C00BA1227 /* Khandoba Secure DocsTests */,
				24FB388C2EDF354C00BA1227 /* Khandoba Secure DocsUITests */,
			);
		};
/* End PBXProject section */

/* Begin PBXResourcesBuildPhase section */
		24FB38702EDF354B00BA1227 /* Resources */ = {
			isa = PBXResourcesBuildPhase;
			buildActionMask = 2147483647;
			files = (
			);
			runOnlyForDeploymentPostprocessing = 0;
		};
		24FB38812EDF354C00BA1227 /* Resources */ = {
			isa = PBXResourcesBuildPhase;
			buildActionMask = 2147483647;
			files = (
			);
			runOnlyForDeploymentPostprocessing = 0;
		};
		24FB388B2EDF354C00BA1227 /* Resources */ = {
			isa = PBXResourcesBuildPhase;
			buildActionMask = 2147483647;
			files = (
			);
			runOnlyForDeploymentPostprocessing = 0;
		};
/* End PBXResourcesBuildPhase section */

/* Begin PBXSourcesBuildPhase section */
		24FB386E2EDF354B00BA1227 /* Sources */ = {
			isa = PBXSourcesBuildPhase;
			buildActionMask = 2147483647;
			files = (
			);
			runOnlyForDeploymentPostprocessing = 0;
		};
		24FB387F2EDF354C00BA1227 /* Sources */ = {
			isa = PBXSourcesBuildPhase;
			buildActionMask = 2147483647;
			files = (
			);
			runOnlyForDeploymentPostprocessing = 0;
		};
		24FB38892EDF354C00BA1227 /* Sources */ = {
			isa = PBXSourcesBuildPhase;
			buildActionMask = 2147483647;
			files = (
			);
			runOnlyForDeploymentPostprocessing = 0;
		};
/* End PBXSourcesBuildPhase section */

/* Begin PBXTargetDependency section */
		24FB38852EDF354C00BA1227 /* PBXTargetDependency */ = {
			isa = PBXTargetDependency;
			target = 24FB38712EDF354B00BA1227 /* Khandoba Secure Docs */;
			targetProxy = 24FB38842EDF354C00BA1227 /* PBXContainerItemProxy */;
		};
		24FB388F2EDF354C00BA1227 /* PBXTargetDependency */ = {
			isa = PBXTargetDependency;
			target = 24FB38712EDF354B00BA1227 /* Khandoba Secure Docs */;
			targetProxy = 24FB388E2EDF354C00BA1227 /* PBXContainerItemProxy */;
		};
/* End PBXTargetDependency section */

/* Begin XCBuildConfiguration section */
		24FB38972EDF354C00BA1227 /* Debug */ = {
			isa = XCBuildConfiguration;
			buildSettings = {
				ASSETCATALOG_COMPILER_APPICON_NAME = AppIcon;
				ASSETCATALOG_COMPILER_GLOBAL_ACCENT_COLOR_NAME = AccentColor;
				CODE_SIGN_ENTITLEMENTS = "platforms/apple/Khandoba Secure Docs/Khandoba_Secure_Docs.entitlements";
				CODE_SIGN_STYLE = Automatic;
				CURRENT_PROJECT_VERSION = 28;
				DEVELOPMENT_TEAM = Q5Y8754WU4;
				ENABLE_PREVIEWS = YES;
				GENERATE_INFOPLIST_FILE = YES;
				INFOPLIST_KEY_CFBundleDisplayName = Khandoba;
				INFOPLIST_KEY_ITSAppUsesNonExemptEncryption = NO;
				INFOPLIST_KEY_LSApplicationCategoryType = "public.app-category.utilities";
				INFOPLIST_KEY_NSBluetoothAlwaysUsageDescription = "Bluetooth access is required to share vault sessions with nearby devices for secure in-person collaboration.";
				INFOPLIST_KEY_NSBluetoothPeripheralUsageDescription = "Bluetooth is used to discover and connect to nearby devices for session nomination and secure vault sharing.";
				INFOPLIST_KEY_NSCalendarsUsageDescription = "Calendar access is required to schedule automated security reviews for your vaults.";
				INFOPLIST_KEY_NSCameraUsageDescription = "Khandoba needs camera access to capture photos and videos for secure document storage.";
				INFOPLIST_KEY_NSContactsUsageDescription = "Contacts access is required to share vaults with your friends and family via iMessage.";
				INFOPLIST_KEY_NSFaceIDUsageDescription = "Face ID is used to securely authenticate and unlock your vaults, providing an additional layer of security for your sensitive documents.";
				INFOPLIST_KEY_NSHumanReadableCopyright = "© 2025 Khandoba. All rights reserved.";
				INFOPLIST_KEY_NSLocationWhenInUseUsageDescription = "Khandoba uses location data to log vault access for security monitoring and threat detection.";
				INFOPLIST_KEY_NSMicrophoneUsageDescription = "Khandoba needs microphone access to record voice memos and videos for secure storage.";
				INFOPLIST_KEY_NSPhotoLibraryAddUsageDescription = "Khandoba can save captured photos to your photo library.";
				INFOPLIST_KEY_NSPhotoLibraryUsageDescription = "Khandoba needs photo library access to upload images to your secure vaults.";
				INFOPLIST_KEY_NSRemindersUsageDescription = "Reminders access is required to set up security review notifications.";
				INFOPLIST_KEY_NSSpeechRecognitionUsageDescription = "Speech recognition is required to transcribe audio documents and voice memos for intelligence analysis.";
				INFOPLIST_KEY_UIApplicationSceneManifest_Generation = YES;
				INFOPLIST_KEY_UIApplicationSupportsIndirectInputEvents = YES;
				INFOPLIST_KEY_UIBackgroundModes = "remote-notification";
				INFOPLIST_KEY_UILaunchScreen_Generation = YES;
				INFOPLIST_KEY_UISupportedInterfaceOrientations_iPad = "UIInterfaceOrientationPortrait UIInterfaceOrientationPortraitUpsideDown UIInterfaceOrientationLandscapeLeft UIInterfaceOrientationLandscapeRight";
				INFOPLIST_KEY_UISupportedInterfaceOrientations_iPhone = "UIInterfaceOrientationPortrait UIInterfaceOrientationLandscapeLeft UIInterfaceOrientationLandscapeRight";
				LD_RUNPATH_SEARCH_PATHS = (
					"$(inherited)",
					"@executable_path/Frameworks",
				);
				MARKETING_VERSION = 1.0;
				PRODUCT_BUNDLE_IDENTIFIER = com.khandoba.securedocs;
				PRODUCT_NAME = "$(TARGET_NAME)";
				STRING_CATALOG_GENERATE_SYMBOLS = YES;
				SUPPORTED_PLATFORMS = "iphoneos iphonesimulator";
				SUPPORTS_MACCATALYST = NO;
				SUPPORTS_MAC_DESIGNED_FOR_IPHONE_IPAD = NO;
				SUPPORTS_XR_DESIGNED_FOR_IPHONE_IPAD = NO;
				SWIFT_APPROACHABLE_CONCURRENCY = YES;
				SWIFT_DEFAULT_ACTOR_ISOLATION = MainActor;
				SWIFT_EMIT_LOC_STRINGS = YES;
				SWIFT_UPCOMING_FEATURE_MEMBER_IMPORT_VISIBILITY = YES;
				SWIFT_VERSION = 5.0;
				TARGETED_DEVICE_FAMILY = 1;
			};
			name = Debug;
		};
		24FB38982EDF354C00BA1227 /* Release */ = {
			isa = XCBuildConfiguration;
			buildSettings = {
				ASSETCATALOG_COMPILER_APPICON_NAME = AppIcon;
				ASSETCATALOG_COMPILER_GLOBAL_ACCENT_COLOR_NAME = AccentColor;
				CODE_SIGN_ENTITLEMENTS = "platforms/apple/Khandoba Secure Docs/Khandoba_Secure_Docs.entitlements";
				CODE_SIGN_STYLE = Automatic;
				CURRENT_PROJECT_VERSION = 28;
				DEVELOPMENT_TEAM = Q5Y8754WU4;
				ENABLE_PREVIEWS = YES;
				GENERATE_INFOPLIST_FILE = YES;
				INFOPLIST_KEY_CFBundleDisplayName = Khandoba;
				INFOPLIST_KEY_ITSAppUsesNonExemptEncryption = NO;
				INFOPLIST_KEY_LSApplicationCategoryType = "public.app-category.utilities";
				INFOPLIST_KEY_NSBluetoothAlwaysUsageDescription = "Bluetooth access is required to share vault sessions with nearby devices for secure in-person collaboration.";
				INFOPLIST_KEY_NSBluetoothPeripheralUsageDescription = "Bluetooth is used to discover and connect to nearby devices for session nomination and secure vault sharing.";
				INFOPLIST_KEY_NSCalendarsUsageDescription = "Calendar access is required to schedule automated security reviews for your vaults.";
				INFOPLIST_KEY_NSCameraUsageDescription = "Khandoba needs camera access to capture photos and videos for secure document storage.";
				INFOPLIST_KEY_NSContactsUsageDescription = "Contacts access is required to share vaults with your friends and family via iMessage.";
				INFOPLIST_KEY_NSFaceIDUsageDescription = "Face ID is used to securely authenticate and unlock your vaults, providing an additional layer of security for your sensitive documents.";
				INFOPLIST_KEY_NSHumanReadableCopyright = "© 2025 Khandoba. All rights reserved.";
				INFOPLIST_KEY_NSLocationWhenInUseUsageDescription = "Khandoba uses location data to log vault access for security monitoring and threat detection.";
				INFOPLIST_KEY_NSMicrophoneUsageDescription = "Khandoba needs microphone access to record voice memos and videos for secure storage.";
				INFOPLIST_KEY_NSPhotoLibraryAddUsageDescription = "Khandoba can save captured photos to your photo library.";
				INFOPLIST_KEY_NSPhotoLibraryUsageDescription = "Khandoba needs photo library access to upload images to your secure vaults.";
				INFOPLIST_KEY_NSRemindersUsageDescription = "Reminders access is required to set up security review notifications.";
				INFOPLIST_KEY_NSSpeechRecognitionUsageDescription = "Speech recognition is required to transcribe audio documents and voice memos for intelligence analysis.";
				INFOPLIST_KEY_UIApplicationSceneManifest_Generation = YES;
				INFOPLIST_KEY_UIApplicationSupportsIndirectInputEvents = YES;
				INFOPLIST_KEY_UIBackgroundModes = "remote-notification";
				INFOPLIST_KEY_UILaunchScreen_Generation = YES;
				INFOPLIST_KEY_UISupportedInterfaceOrientations_iPad = "UIInterfaceOrientationPortrait UIInterfaceOrientationPortraitUpsideDown UIInterfaceOrientationLandscapeLeft UIInterfaceOrientationLandscapeRight";
				INFOPLIST_KEY_UISupportedInterfaceOrientations_iPhone = "UIInterfaceOrientationPortrait UIInterfaceOrientationLandscapeLeft UIInterfaceOrientationLandscapeRight";
				LD_RUNPATH_SEARCH_PATHS = (
					"$(inherited)",
					"@executable_path/Frameworks",
				);
				MARKETING_VERSION = 1.0;
				PRODUCT_BUNDLE_IDENTIFIER = com.khandoba.securedocs;
				PRODUCT_NAME = "$(TARGET_NAME)";
				STRING_CATALOG_GENERATE_SYMBOLS = YES;
				SUPPORTED_PLATFORMS = "iphoneos iphonesimulator";
				SUPPORTS_MACCATALYST = NO;
				SUPPORTS_MAC_DESIGNED_FOR_IPHONE_IPAD = NO;
				SUPPORTS_XR_DESIGNED_FOR_IPHONE_IPAD = NO;
				SWIFT_APPROACHABLE_CONCURRENCY = YES;
				SWIFT_DEFAULT_ACTOR_ISOLATION = MainActor;
				SWIFT_EMIT_LOC_STRINGS = YES;
				SWIFT_UPCOMING_FEATURE_MEMBER_IMPORT_VISIBILITY = YES;
				SWIFT_VERSION = 5.0;
				TARGETED_DEVICE_FAMILY = 1;
			};
			name = Release;
		};
		24FB38992EDF354C00BA1227 /* Debug */ = {
			isa = XCBuildConfiguration;
			buildSettings = {
				ALWAYS_SEARCH_USER_PATHS = NO;
				ASSETCATALOG_COMPILER_GENERATE_SWIFT_ASSET_SYMBOL_EXTENSIONS = YES;
				CLANG_ANALYZER_NONNULL = YES;
				CLANG_ANALYZER_NUMBER_OBJECT_CONVERSION = YES_AGGRESSIVE;
				CLANG_CXX_LANGUAGE_STANDARD = "gnu++20";
				CLANG_ENABLE_MODULES = YES;
				CLANG_ENABLE_OBJC_ARC = YES;
				CLANG_ENABLE_OBJC_WEAK = YES;
				CLANG_WARN_BLOCK_CAPTURE_AUTORELEASING = YES;
				CLANG_WARN_BOOL_CONVERSION = YES;
				CLANG_WARN_COMMA = YES;
				CLANG_WARN_CONSTANT_CONVERSION = YES;
				CLANG_WARN_DEPRECATED_OBJC_IMPLEMENTATIONS = YES;
				CLANG_WARN_DIRECT_OBJC_ISA_USAGE = YES_ERROR;
				CLANG_WARN_DOCUMENTATION_COMMENTS = YES;
				CLANG_WARN_EMPTY_BODY = YES;
				CLANG_WARN_ENUM_CONVERSION = YES;
				CLANG_WARN_INFINITE_RECURSION = YES;
				CLANG_WARN_INT_CONVERSION = YES;
				CLANG_WARN_NON_LITERAL_NULL_CONVERSION = YES;
				CLANG_WARN_OBJC_IMPLICIT_RETAIN_SELF = YES;
				CLANG_WARN_OBJC_LITERAL_CONVERSION = YES;
				CLANG_WARN_OBJC_ROOT_CLASS = YES_ERROR;
				CLANG_WARN_QUOTED_INCLUDE_IN_FRAMEWORK_HEADER = YES;
				CLANG_WARN_RANGE_LOOP_ANALYSIS = YES;
				CLANG_WARN_STRICT_PROTOTYPES = YES;
				CLANG_WARN_SUSPICIOUS_MOVE = YES;
				CLANG_WARN_UNGUARDED_AVAILABILITY = YES_AGGRESSIVE;
				CLANG_WARN_UNREACHABLE_CODE = YES;
				CLANG_WARN__DUPLICATE_METHOD_MATCH = YES;
				COPY_PHASE_STRIP = NO;
				DEBUG_INFORMATION_FORMAT = dwarf;
				DEVELOPMENT_TEAM = Q5Y8754WU4;
				ENABLE_STRICT_OBJC_MSGSEND = YES;
				ENABLE_TESTABILITY = YES;
				ENABLE_USER_SCRIPT_SANDBOXING = YES;
				GCC_C_LANGUAGE_STANDARD = gnu17;
				GCC_DYNAMIC_NO_PIC = NO;
				GCC_NO_COMMON_BLOCKS = YES;
				GCC_OPTIMIZATION_LEVEL = 0;
				GCC_PREPROCESSOR_DEFINITIONS = (
					"DEBUG=1",
					"$(inherited)",
				);
				GCC_WARN_64_TO_32_BIT_CONVERSION = YES;
				GCC_WARN_ABOUT_RETURN_TYPE = YES_ERROR;
				GCC_WARN_UNDECLARED_SELECTOR = YES;
				GCC_WARN_UNINITIALIZED_AUTOS = YES_AGGRESSIVE;
				GCC_WARN_UNUSED_FUNCTION = YES;
				GCC_WARN_UNUSED_VARIABLE = YES;
				IPHONEOS_DEPLOYMENT_TARGET = 26.1;
				LOCALIZATION_PREFERS_STRING_CATALOGS = YES;
				MTL_ENABLE_DEBUG_INFO = INCLUDE_SOURCE;
				MTL_FAST_MATH = YES;
				ONLY_ACTIVE_ARCH = YES;
				SDKROOT = iphoneos;
				SWIFT_ACTIVE_COMPILATION_CONDITIONS = "DEBUG $(inherited)";
				SWIFT_OPTIMIZATION_LEVEL = "-Onone";
			};
			name = Debug;
		};
		24FB389A2EDF354C00BA1227 /* Release */ = {
			isa = XCBuildConfiguration;
			buildSettings = {
				ALWAYS_SEARCH_USER_PATHS = NO;
				ASSETCATALOG_COMPILER_GENERATE_SWIFT_ASSET_SYMBOL_EXTENSIONS = YES;
				CLANG_ANALYZER_NONNULL = YES;
				CLANG_ANALYZER_NUMBER_OBJECT_CONVERSION = YES_AGGRESSIVE;
				CLANG_CXX_LANGUAGE_STANDARD = "gnu++20";
				CLANG_ENABLE_MODULES = YES;
				CLANG_ENABLE_OBJC_ARC = YES;
				CLANG_ENABLE_OBJC_WEAK = YES;
				CLANG_WARN_BLOCK_CAPTURE_AUTORELEASING = YES;
				CLANG_WARN_BOOL_CONVERSION = YES;
				CLANG_WARN_COMMA = YES;
				CLANG_WARN_CONSTANT_CONVERSION = YES;
				CLANG_WARN_DEPRECATED_OBJC_IMPLEMENTATIONS = YES;
				CLANG_WARN_DIRECT_OBJC_ISA_USAGE = YES_ERROR;
				CLANG_WARN_DOCUMENTATION_COMMENTS = YES;
				CLANG_WARN_EMPTY_BODY = YES;
				CLANG_WARN_ENUM_CONVERSION = YES;
				CLANG_WARN_INFINITE_RECURSION = YES;
				CLANG_WARN_INT_CONVERSION = YES;
				CLANG_WARN_NON_LITERAL_NULL_CONVERSION = YES;
				CLANG_WARN_OBJC_IMPLICIT_RETAIN_SELF = YES;
				CLANG_WARN_OBJC_LITERAL_CONVERSION = YES;
				CLANG_WARN_OBJC_ROOT_CLASS = YES_ERROR;
				CLANG_WARN_QUOTED_INCLUDE_IN_FRAMEWORK_HEADER = YES;
				CLANG_WARN_RANGE_LOOP_ANALYSIS = YES;
				CLANG_WARN_STRICT_PROTOTYPES = YES;
				CLANG_WARN_SUSPICIOUS_MOVE = YES;
				CLANG_WARN_UNGUARDED_AVAILABILITY = YES_AGGRESSIVE;
				CLANG_WARN_UNREACHABLE_CODE = YES;
				CLANG_WARN__DUPLICATE_METHOD_MATCH = YES;
				COPY_PHASE_STRIP = NO;
				DEBUG_INFORMATION_FORMAT = "dwarf-with-dsym";
				DEVELOPMENT_TEAM = Q5Y8754WU4;
				ENABLE_NS_ASSERTIONS = NO;
				ENABLE_STRICT_OBJC_MSGSEND = YES;
				ENABLE_USER_SCRIPT_SANDBOXING = YES;
				GCC_C_LANGUAGE_STANDARD = gnu17;
				GCC_NO_COMMON_BLOCKS = YES;
				GCC_WARN_64_TO_32_BIT_CONVERSION = YES;
				GCC_WARN_ABOUT_RETURN_TYPE = YES_ERROR;
				GCC_WARN_UNDECLARED_SELECTOR = YES;
				GCC_WARN_UNINITIALIZED_AUTOS = YES_AGGRESSIVE;
				GCC_WARN_UNUSED_FUNCTION = YES;
				GCC_WARN_UNUSED_VARIABLE = YES;
				IPHONEOS_DEPLOYMENT_TARGET = 26.1;
				LOCALIZATION_PREFERS_STRING_CATALOGS = YES;
				MTL_ENABLE_DEBUG_INFO = NO;
				MTL_FAST_MATH = YES;
				SDKROOT = iphoneos;
				SWIFT_COMPILATION_MODE = wholemodule;
				VALIDATE_PRODUCT = YES;
			};
			name = Release;
		};
		24FB389C2EDF354C00BA1227 /* Debug */ = {
			isa = XCBuildConfiguration;
			buildSettings = {
				BUNDLE_LOADER = "$(TEST_HOST)";
				CODE_SIGN_STYLE = Automatic;
				CURRENT_PROJECT_VERSION = 28;
				DEVELOPMENT_TEAM = Q5Y8754WU4;
				GENERATE_INFOPLIST_FILE = YES;
				IPHONEOS_DEPLOYMENT_TARGET = 26.1;
				MARKETING_VERSION = 1.0;
				PRODUCT_BUNDLE_IDENTIFIER = "com.khandoba.securedocs.Khandoba-Secure-DocsTests";
				PRODUCT_NAME = "$(TARGET_NAME)";
				STRING_CATALOG_GENERATE_SYMBOLS = NO;
				SWIFT_APPROACHABLE_CONCURRENCY = YES;
				SWIFT_EMIT_LOC_STRINGS = NO;
				SWIFT_UPCOMING_FEATURE_MEMBER_IMPORT_VISIBILITY = YES;
				SWIFT_VERSION = 5.0;
				TARGETED_DEVICE_FAMILY = "1,2";
				TEST_HOST = "$(BUILT_PRODUCTS_DIR)/Khandoba Secure Docs.app/$(BUNDLE_EXECUTABLE_FOLDER_PATH)/Khandoba Secure Docs";
			};
			name = Debug;
		};
		24FB389D2EDF354C00BA1227 /* Release */ = {
			isa = XCBuildConfiguration;
			buildSettings = {
				BUNDLE_LOADER = "$(TEST_HOST)";
				CODE_SIGN_STYLE = Automatic;
				CURRENT_PROJECT_VERSION = 28;
				DEVELOPMENT_TEAM = Q5Y8754WU4;
				GENERATE_INFOPLIST_FILE = YES;
				IPHONEOS_DEPLOYMENT_TARGET = 26.1;
				MARKETING_VERSION = 1.0;
				PRODUCT_BUNDLE_IDENTIFIER = "com.khandoba.securedocs.Khandoba-Secure-DocsTests";
				PRODUCT_NAME = "$(TARGET_NAME)";
				STRING_CATALOG_GENERATE_SYMBOLS = NO;
				SWIFT_APPROACHABLE_CONCURRENCY = YES;
				SWIFT_EMIT_LOC_STRINGS = NO;
				SWIFT_UPCOMING_FEATURE_MEMBER_IMPORT_VISIBILITY = YES;
				SWIFT_VERSION = 5.0;
				TARGETED_DEVICE_FAMILY = "1,2";
				TEST_HOST = "$(BUILT_PRODUCTS_DIR)/Khandoba Secure Docs.app/$(BUNDLE_EXECUTABLE_FOLDER_PATH)/Khandoba Secure Docs";
			};
			name = Release;
		};
		24FB389F2EDF354C00BA1227 /* Debug */ = {
			isa = XCBuildConfiguration;
			buildSettings = {
				CODE_SIGN_STYLE = Automatic;
				CURRENT_PROJECT_VERSION = 28;
				DEVELOPMENT_TEAM = Q5Y8754WU4;
				GENERATE_INFOPLIST_FILE = YES;
				MARKETING_VERSION = 1.0;
				PRODUCT_BUNDLE_IDENTIFIER = "com.khandoba.securedocs.Khandoba-Secure-DocsUITests";
				PRODUCT_NAME = "$(TARGET_NAME)";
				STRING_CATALOG_GENERATE_SYMBOLS = NO;
				SWIFT_APPROACHABLE_CONCURRENCY = YES;
				SWIFT_EMIT_LOC_STRINGS = NO;
				SWIFT_UPCOMING_FEATURE_MEMBER_IMPORT_VISIBILITY = YES;
				SWIFT_VERSION = 5.0;
				TARGETED_DEVICE_FAMILY = "1,2";
				TEST_TARGET_NAME = "Khandoba Secure Docs";
			};
			name = Debug;
		};
		24FB38A02EDF354C00BA1227 /* Release */ = {
			isa = XCBuildConfiguration;
			buildSettings = {
				CODE_SIGN_STYLE = Automatic;
				CURRENT_PROJECT_VERSION = 28;
				DEVELOPMENT_TEAM = Q5Y8754WU4;
				GENERATE_INFOPLIST_FILE = YES;
				MARKETING_VERSION = 1.0;
				PRODUCT_BUNDLE_IDENTIFIER = "com.khandoba.securedocs.Khandoba-Secure-DocsUITests";
				PRODUCT_NAME = "$(TARGET_NAME)";
				STRING_CATALOG_GENERATE_SYMBOLS = NO;
				SWIFT_APPROACHABLE_CONCURRENCY = YES;
				SWIFT_EMIT_LOC_STRINGS = NO;
				SWIFT_UPCOMING_FEATURE_MEMBER_IMPORT_VISIBILITY = YES;
				SWIFT_VERSION = 5.0;
				TARGETED_DEVICE_FAMILY = "1,2";
				TEST_TARGET_NAME = "Khandoba Secure Docs";
			};
			name = Release;
		};
/* End XCBuildConfiguration section */

/* Begin XCConfigurationList section */
		24FB386D2EDF354B00BA1227 /* Build configuration list for PBXProject "Khandoba Secure Docs" */ = {
			isa = XCConfigurationList;
			buildConfigurations = (
				24FB38992EDF354C00BA1227 /* Debug */,
				24FB389A2EDF354C00BA1227 /* Release */,
			);
			defaultConfigurationIsVisible = 0;
			defaultConfigurationName = Release;
		};
		24FB38962EDF354C00BA1227 /* Build configuration list for PBXNativeTarget "Khandoba Secure Docs" */ = {
			isa = XCConfigurationList;
			buildConfigurations = (
				24FB38972EDF354C00BA1227 /* Debug */,
				24FB38982EDF354C00BA1227 /* Release */,
			);
			defaultConfigurationIsVisible = 0;
			defaultConfigurationName = Release;
		};
		24FB389B2EDF354C00BA1227 /* Build configuration list for PBXNativeTarget "Khandoba Secure DocsTests" */ = {
			isa = XCConfigurationList;
			buildConfigurations = (
				24FB389C2EDF354C00BA1227 /* Debug */,
				24FB389D2EDF354C00BA1227 /* Release */,
			);
			defaultConfigurationIsVisible = 0;
			defaultConfigurationName = Release;
		};
		24FB389E2EDF354C00BA1227 /* Build configuration list for PBXNativeTarget "Khandoba Secure DocsUITests" */ = {
			isa = XCConfigurationList;
			buildConfigurations = (
				24FB389F2EDF354C00BA1227 /* Debug */,
				24FB38A02EDF354C00BA1227 /* Release */,
			);
			defaultConfigurationIsVisible = 0;
			defaultConfigurationName = Release;
		};
/* End XCConfigurationList section */

/* Begin XCRemoteSwiftPackageReference section */
		24D2EBBA2EE304A9004257B4 /* XCRemoteSwiftPackageReference "Reductio" */ = {
			isa = XCRemoteSwiftPackageReference;
			repositoryURL = "https://github.com/fdzsergio/Reductio.git";
			requirement = {
				kind = upToNextMajorVersion;
				minimumVersion = 1.7.0;
			};
		};
/* End XCRemoteSwiftPackageReference section */

/* Begin XCSwiftPackageProductDependency section */
		24D2EBBB2EE304A9004257B4 /* Reductio */ = {
			isa = XCSwiftPackageProductDependency;
			package = 24D2EBBA2EE304A9004257B4 /* XCRemoteSwiftPackageReference "Reductio" */;
			productName = Reductio;
		};
/* End XCSwiftPackageProductDependency section */
	};
	rootObject = 24FB386A2EDF354B00BA1227 /* Project object */;
}
